// !$*UTF8*$!
{
	archiveVersion = 1;
	classes = {
	};
	objectVersion = 56;
	objects = {

/* Begin PBXBuildFile section */
		1D35DD412C04D7C1001484D0 /* AppDelegate.swift in Sources */ = {isa = PBXBuildFile; fileRef = 1D35DD402C04D7C1001484D0 /* AppDelegate.swift */; };
		1D35DD432C04D7C1001484D0 /* SceneDelegate.swift in Sources */ = {isa = PBXBuildFile; fileRef = 1D35DD422C04D7C1001484D0 /* SceneDelegate.swift */; };
		1D35DD452C04D7C1001484D0 /* ViewController.swift in Sources */ = {isa = PBXBuildFile; fileRef = 1D35DD442C04D7C1001484D0 /* ViewController.swift */; };
		1D35DD482C04D7C1001484D0 /* Base in Resources */ = {isa = PBXBuildFile; fileRef = 1D35DD472C04D7C1001484D0 /* Base */; };
		1D35DD4A2C04D7C3001484D0 /* Assets.xcassets in Resources */ = {isa = PBXBuildFile; fileRef = 1D35DD492C04D7C3001484D0 /* Assets.xcassets */; };
		1D35DD4D2C04D7C3001484D0 /* Base in Resources */ = {isa = PBXBuildFile; fileRef = 1D35DD4C2C04D7C3001484D0 /* Base */; };
		1D35DD582C04D7C3001484D0 /* CSVParserRaboTests.swift in Sources */ = {isa = PBXBuildFile; fileRef = 1D35DD572C04D7C3001484D0 /* CSVParserRaboTests.swift */; };
		1D35DD622C04D7C3001484D0 /* CSVParserRaboUITests.swift in Sources */ = {isa = PBXBuildFile; fileRef = 1D35DD612C04D7C3001484D0 /* CSVParserRaboUITests.swift */; };
		1D35DD642C04D7C3001484D0 /* CSVParserRaboUITestsLaunchTests.swift in Sources */ = {isa = PBXBuildFile; fileRef = 1D35DD632C04D7C3001484D0 /* CSVParserRaboUITestsLaunchTests.swift */; };
/* End PBXBuildFile section */

/* Begin PBXContainerItemProxy section */
		1D35DD542C04D7C3001484D0 /* PBXContainerItemProxy */ = {
			isa = PBXContainerItemProxy;
			containerPortal = 1D35DD352C04D7C1001484D0 /* Project object */;
			proxyType = 1;
			remoteGlobalIDString = 1D35DD3C2C04D7C1001484D0;
			remoteInfo = CSVParserRabo;
		};
		1D35DD5E2C04D7C3001484D0 /* PBXContainerItemProxy */ = {
			isa = PBXContainerItemProxy;
			containerPortal = 1D35DD352C04D7C1001484D0 /* Project object */;
			proxyType = 1;
			remoteGlobalIDString = 1D35DD3C2C04D7C1001484D0;
			remoteInfo = CSVParserRabo;
		};
/* End PBXContainerItemProxy section */

/* Begin PBXFileReference section */
		1D35DD3D2C04D7C1001484D0 /* CSVParserRabo.app */ = {isa = PBXFileReference; explicitFileType = wrapper.application; includeInIndex = 0; path = CSVParserRabo.app; sourceTree = BUILT_PRODUCTS_DIR; };
		1D35DD402C04D7C1001484D0 /* AppDelegate.swift */ = {isa = PBXFileReference; lastKnownFileType = sourcecode.swift; path = AppDelegate.swift; sourceTree = "<group>"; };
		1D35DD422C04D7C1001484D0 /* SceneDelegate.swift */ = {isa = PBXFileReference; lastKnownFileType = sourcecode.swift; path = SceneDelegate.swift; sourceTree = "<group>"; };
		1D35DD442C04D7C1001484D0 /* ViewController.swift */ = {isa = PBXFileReference; lastKnownFileType = sourcecode.swift; path = ViewController.swift; sourceTree = "<group>"; };
		1D35DD472C04D7C1001484D0 /* Base */ = {isa = PBXFileReference; lastKnownFileType = file.storyboard; name = Base; path = Base.lproj/Main.storyboard; sourceTree = "<group>"; };
		1D35DD492C04D7C3001484D0 /* Assets.xcassets */ = {isa = PBXFileReference; lastKnownFileType = folder.assetcatalog; path = Assets.xcassets; sourceTree = "<group>"; };
		1D35DD4C2C04D7C3001484D0 /* Base */ = {isa = PBXFileReference; lastKnownFileType = file.storyboard; name = Base; path = Base.lproj/LaunchScreen.storyboard; sourceTree = "<group>"; };
		1D35DD4E2C04D7C3001484D0 /* Info.plist */ = {isa = PBXFileReference; lastKnownFileType = text.plist.xml; path = Info.plist; sourceTree = "<group>"; };
		1D35DD532C04D7C3001484D0 /* CSVParserRaboTests.xctest */ = {isa = PBXFileReference; explicitFileType = wrapper.cfbundle; includeInIndex = 0; path = CSVParserRaboTests.xctest; sourceTree = BUILT_PRODUCTS_DIR; };
		1D35DD572C04D7C3001484D0 /* CSVParserRaboTests.swift */ = {isa = PBXFileReference; lastKnownFileType = sourcecode.swift; path = CSVParserRaboTests.swift; sourceTree = "<group>"; };
		1D35DD5D2C04D7C3001484D0 /* CSVParserRaboUITests.xctest */ = {isa = PBXFileReference; explicitFileType = wrapper.cfbundle; includeInIndex = 0; path = CSVParserRaboUITests.xctest; sourceTree = BUILT_PRODUCTS_DIR; };
		1D35DD612C04D7C3001484D0 /* CSVParserRaboUITests.swift */ = {isa = PBXFileReference; lastKnownFileType = sourcecode.swift; path = CSVParserRaboUITests.swift; sourceTree = "<group>"; };
		1D35DD632C04D7C3001484D0 /* CSVParserRaboUITestsLaunchTests.swift */ = {isa = PBXFileReference; lastKnownFileType = sourcecode.swift; path = CSVParserRaboUITestsLaunchTests.swift; sourceTree = "<group>"; };
/* End PBXFileReference section */

/* Begin PBXFrameworksBuildPhase section */
		1D35DD3A2C04D7C1001484D0 /* Frameworks */ = {
			isa = PBXFrameworksBuildPhase;
			buildActionMask = 2147483647;
			files = (
			);
			runOnlyForDeploymentPostprocessing = 0;
		};
		1D35DD502C04D7C3001484D0 /* Frameworks */ = {
			isa = PBXFrameworksBuildPhase;
			buildActionMask = 2147483647;
			files = (
			);
			runOnlyForDeploymentPostprocessing = 0;
		};
		1D35DD5A2C04D7C3001484D0 /* Frameworks */ = {
			isa = PBXFrameworksBuildPhase;
			buildActionMask = 2147483647;
			files = (
			);
			runOnlyForDeploymentPostprocessing = 0;
		};
/* End PBXFrameworksBuildPhase section */

/* Begin PBXGroup section */
		1D35DD342C04D7C1001484D0 = {
			isa = PBXGroup;
			children = (
				1D35DD3F2C04D7C1001484D0 /* CSVParserRabo */,
				1D35DD562C04D7C3001484D0 /* CSVParserRaboTests */,
				1D35DD602C04D7C3001484D0 /* CSVParserRaboUITests */,
				1D35DD3E2C04D7C1001484D0 /* Products */,
			);
			sourceTree = "<group>";
		};
		1D35DD3E2C04D7C1001484D0 /* Products */ = {
			isa = PBXGroup;
			children = (
				1D35DD3D2C04D7C1001484D0 /* CSVParserRabo.app */,
				1D35DD532C04D7C3001484D0 /* CSVParserRaboTests.xctest */,
				1D35DD5D2C04D7C3001484D0 /* CSVParserRaboUITests.xctest */,
			);
			name = Products;
			sourceTree = "<group>";
		};
		1D35DD3F2C04D7C1001484D0 /* CSVParserRabo */ = {
			isa = PBXGroup;
			children = (
				1D35DD402C04D7C1001484D0 /* AppDelegate.swift */,
				1D35DD422C04D7C1001484D0 /* SceneDelegate.swift */,
				1D35DD442C04D7C1001484D0 /* ViewController.swift */,
				1D35DD462C04D7C1001484D0 /* Main.storyboard */,
				1D35DD492C04D7C3001484D0 /* Assets.xcassets */,
				1D35DD4B2C04D7C3001484D0 /* LaunchScreen.storyboard */,
				1D35DD4E2C04D7C3001484D0 /* Info.plist */,
			);
			path = CSVParserRabo;
			sourceTree = "<group>";
		};
		1D35DD562C04D7C3001484D0 /* CSVParserRaboTests */ = {
			isa = PBXGroup;
			children = (
				1D35DD572C04D7C3001484D0 /* CSVParserRaboTests.swift */,
			);
			path = CSVParserRaboTests;
			sourceTree = "<group>";
		};
		1D35DD602C04D7C3001484D0 /* CSVParserRaboUITests */ = {
			isa = PBXGroup;
			children = (
				1D35DD612C04D7C3001484D0 /* CSVParserRaboUITests.swift */,
				1D35DD632C04D7C3001484D0 /* CSVParserRaboUITestsLaunchTests.swift */,
			);
			path = CSVParserRaboUITests;
			sourceTree = "<group>";
		};
/* End PBXGroup section */

/* Begin PBXNativeTarget section */
		1D35DD3C2C04D7C1001484D0 /* CSVParserRabo */ = {
			isa = PBXNativeTarget;
			buildConfigurationList = 1D35DD672C04D7C3001484D0 /* Build configuration list for PBXNativeTarget "CSVParserRabo" */;
			buildPhases = (
				1D35DD392C04D7C1001484D0 /* Sources */,
				1D35DD3A2C04D7C1001484D0 /* Frameworks */,
				1D35DD3B2C04D7C1001484D0 /* Resources */,
			);
			buildRules = (
			);
			dependencies = (
			);
			name = CSVParserRabo;
			productName = CSVParserRabo;
			productReference = 1D35DD3D2C04D7C1001484D0 /* CSVParserRabo.app */;
			productType = "com.apple.product-type.application";
		};
		1D35DD522C04D7C3001484D0 /* CSVParserRaboTests */ = {
			isa = PBXNativeTarget;
			buildConfigurationList = 1D35DD6A2C04D7C3001484D0 /* Build configuration list for PBXNativeTarget "CSVParserRaboTests" */;
			buildPhases = (
				1D35DD4F2C04D7C3001484D0 /* Sources */,
				1D35DD502C04D7C3001484D0 /* Frameworks */,
				1D35DD512C04D7C3001484D0 /* Resources */,
			);
			buildRules = (
			);
			dependencies = (
				1D35DD552C04D7C3001484D0 /* PBXTargetDependency */,
			);
			name = CSVParserRaboTests;
			productName = CSVParserRaboTests;
			productReference = 1D35DD532C04D7C3001484D0 /* CSVParserRaboTests.xctest */;
			productType = "com.apple.product-type.bundle.unit-test";
		};
		1D35DD5C2C04D7C3001484D0 /* CSVParserRaboUITests */ = {
			isa = PBXNativeTarget;
			buildConfigurationList = 1D35DD6D2C04D7C3001484D0 /* Build configuration list for PBXNativeTarget "CSVParserRaboUITests" */;
			buildPhases = (
				1D35DD592C04D7C3001484D0 /* Sources */,
				1D35DD5A2C04D7C3001484D0 /* Frameworks */,
				1D35DD5B2C04D7C3001484D0 /* Resources */,
			);
			buildRules = (
			);
			dependencies = (
				1D35DD5F2C04D7C3001484D0 /* PBXTargetDependency */,
			);
			name = CSVParserRaboUITests;
			productName = CSVParserRaboUITests;
			productReference = 1D35DD5D2C04D7C3001484D0 /* CSVParserRaboUITests.xctest */;
			productType = "com.apple.product-type.bundle.ui-testing";
		};
/* End PBXNativeTarget section */

/* Begin PBXProject section */
		1D35DD352C04D7C1001484D0 /* Project object */ = {
			isa = PBXProject;
			attributes = {
				BuildIndependentTargetsInParallel = 1;
				LastSwiftUpdateCheck = 1540;
				LastUpgradeCheck = 1540;
				TargetAttributes = {
					1D35DD3C2C04D7C1001484D0 = {
						CreatedOnToolsVersion = 15.4;
					};
					1D35DD522C04D7C3001484D0 = {
						CreatedOnToolsVersion = 15.4;
						TestTargetID = 1D35DD3C2C04D7C1001484D0;
					};
					1D35DD5C2C04D7C3001484D0 = {
						CreatedOnToolsVersion = 15.4;
						TestTargetID = 1D35DD3C2C04D7C1001484D0;
					};
				};
			};
			buildConfigurationList = 1D35DD382C04D7C1001484D0 /* Build configuration list for PBXProject "CSVParserRabo" */;
			compatibilityVersion = "Xcode 14.0";
			developmentRegion = en;
			hasScannedForEncodings = 0;
			knownRegions = (
				en,
				Base,
			);
			mainGroup = 1D35DD342C04D7C1001484D0;
			productRefGroup = 1D35DD3E2C04D7C1001484D0 /* Products */;
			projectDirPath = "";
			projectRoot = "";
			targets = (
				1D35DD3C2C04D7C1001484D0 /* CSVParserRabo */,
				1D35DD522C04D7C3001484D0 /* CSVParserRaboTests */,
				1D35DD5C2C04D7C3001484D0 /* CSVParserRaboUITests */,
			);
		};
/* End PBXProject section */

/* Begin PBXResourcesBuildPhase section */
		1D35DD3B2C04D7C1001484D0 /* Resources */ = {
			isa = PBXResourcesBuildPhase;
			buildActionMask = 2147483647;
			files = (
				1D35DD4A2C04D7C3001484D0 /* Assets.xcassets in Resources */,
				1D35DD4D2C04D7C3001484D0 /* Base in Resources */,
				1D35DD482C04D7C1001484D0 /* Base in Resources */,
			);
			runOnlyForDeploymentPostprocessing = 0;
		};
		1D35DD512C04D7C3001484D0 /* Resources */ = {
			isa = PBXResourcesBuildPhase;
			buildActionMask = 2147483647;
			files = (
			);
			runOnlyForDeploymentPostprocessing = 0;
		};
		1D35DD5B2C04D7C3001484D0 /* Resources */ = {
			isa = PBXResourcesBuildPhase;
			buildActionMask = 2147483647;
			files = (
			);
			runOnlyForDeploymentPostprocessing = 0;
		};
/* End PBXResourcesBuildPhase section */

/* Begin PBXSourcesBuildPhase section */
		1D35DD392C04D7C1001484D0 /* Sources */ = {
			isa = PBXSourcesBuildPhase;
			buildActionMask = 2147483647;
			files = (
				1D35DD452C04D7C1001484D0 /* ViewController.swift in Sources */,
				1D35DD412C04D7C1001484D0 /* AppDelegate.swift in Sources */,
				1D35DD432C04D7C1001484D0 /* SceneDelegate.swift in Sources */,
			);
			runOnlyForDeploymentPostprocessing = 0;
		};
		1D35DD4F2C04D7C3001484D0 /* Sources */ = {
			isa = PBXSourcesBuildPhase;
			buildActionMask = 2147483647;
			files = (
				1D35DD582C04D7C3001484D0 /* CSVParserRaboTests.swift in Sources */,
			);
			runOnlyForDeploymentPostprocessing = 0;
		};
		1D35DD592C04D7C3001484D0 /* Sources */ = {
			isa = PBXSourcesBuildPhase;
			buildActionMask = 2147483647;
			files = (
				1D35DD642C04D7C3001484D0 /* CSVParserRaboUITestsLaunchTests.swift in Sources */,
				1D35DD622C04D7C3001484D0 /* CSVParserRaboUITests.swift in Sources */,
			);
			runOnlyForDeploymentPostprocessing = 0;
		};
/* End PBXSourcesBuildPhase section */

/* Begin PBXTargetDependency section */
		1D35DD552C04D7C3001484D0 /* PBXTargetDependency */ = {
			isa = PBXTargetDependency;
			target = 1D35DD3C2C04D7C1001484D0 /* CSVParserRabo */;
			targetProxy = 1D35DD542C04D7C3001484D0 /* PBXContainerItemProxy */;
		};
		1D35DD5F2C04D7C3001484D0 /* PBXTargetDependency */ = {
			isa = PBXTargetDependency;
			target = 1D35DD3C2C04D7C1001484D0 /* CSVParserRabo */;
			targetProxy = 1D35DD5E2C04D7C3001484D0 /* PBXContainerItemProxy */;
		};
/* End PBXTargetDependency section */

/* Begin PBXVariantGroup section */
		1D35DD462C04D7C1001484D0 /* Main.storyboard */ = {
			isa = PBXVariantGroup;
			children = (
				1D35DD472C04D7C1001484D0 /* Base */,
			);
			name = Main.storyboard;
			sourceTree = "<group>";
		};
		1D35DD4B2C04D7C3001484D0 /* LaunchScreen.storyboard */ = {
			isa = PBXVariantGroup;
			children = (
				1D35DD4C2C04D7C3001484D0 /* Base */,
			);
			name = LaunchScreen.storyboard;
			sourceTree = "<group>";
		};
/* End PBXVariantGroup section */

/* Begin XCBuildConfiguration section */
		1D35DD652C04D7C3001484D0 /* Debug */ = {
			isa = XCBuildConfiguration;
			buildSettings = {
				ALWAYS_SEARCH_USER_PATHS = NO;
				ASSETCATALOG_COMPILER_GENERATE_SWIFT_ASSET_SYMBOL_EXTENSIONS = YES;
				CLANG_ANALYZER_NONNULL = YES;
				CLANG_ANALYZER_NUMBER_OBJECT_CONVERSION = YES_AGGRESSIVE;
				CLANG_CXX_LANGUAGE_STANDARD = "gnu++20";
				CLANG_ENABLE_MODULES = YES;
				CLANG_ENABLE_OBJC_ARC = YES;
				CLANG_ENABLE_OBJC_WEAK = YES;
				CLANG_WARN_BLOCK_CAPTURE_AUTORELEASING = YES;
				CLANG_WARN_BOOL_CONVERSION = YES;
				CLANG_WARN_COMMA = YES;
				CLANG_WARN_CONSTANT_CONVERSION = YES;
				CLANG_WARN_DEPRECATED_OBJC_IMPLEMENTATIONS = YES;
				CLANG_WARN_DIRECT_OBJC_ISA_USAGE = YES_ERROR;
				CLANG_WARN_DOCUMENTATION_COMMENTS = YES;
				CLANG_WARN_EMPTY_BODY = YES;
				CLANG_WARN_ENUM_CONVERSION = YES;
				CLANG_WARN_INFINITE_RECURSION = YES;
				CLANG_WARN_INT_CONVERSION = YES;
				CLANG_WARN_NON_LITERAL_NULL_CONVERSION = YES;
				CLANG_WARN_OBJC_IMPLICIT_RETAIN_SELF = YES;
				CLANG_WARN_OBJC_LITERAL_CONVERSION = YES;
				CLANG_WARN_OBJC_ROOT_CLASS = YES_ERROR;
				CLANG_WARN_QUOTED_INCLUDE_IN_FRAMEWORK_HEADER = YES;
				CLANG_WARN_RANGE_LOOP_ANALYSIS = YES;
				CLANG_WARN_STRICT_PROTOTYPES = YES;
				CLANG_WARN_SUSPICIOUS_MOVE = YES;
				CLANG_WARN_UNGUARDED_AVAILABILITY = YES_AGGRESSIVE;
				CLANG_WARN_UNREACHABLE_CODE = YES;
				CLANG_WARN__DUPLICATE_METHOD_MATCH = YES;
				COPY_PHASE_STRIP = NO;
				DEBUG_INFORMATION_FORMAT = dwarf;
				ENABLE_STRICT_OBJC_MSGSEND = YES;
				ENABLE_TESTABILITY = YES;
				ENABLE_USER_SCRIPT_SANDBOXING = YES;
				GCC_C_LANGUAGE_STANDARD = gnu17;
				GCC_DYNAMIC_NO_PIC = NO;
				GCC_NO_COMMON_BLOCKS = YES;
				GCC_OPTIMIZATION_LEVEL = 0;
				GCC_PREPROCESSOR_DEFINITIONS = (
					"DEBUG=1",
					"$(inherited)",
				);
				GCC_WARN_64_TO_32_BIT_CONVERSION = YES;
				GCC_WARN_ABOUT_RETURN_TYPE = YES_ERROR;
				GCC_WARN_UNDECLARED_SELECTOR = YES;
				GCC_WARN_UNINITIALIZED_AUTOS = YES_AGGRESSIVE;
				GCC_WARN_UNUSED_FUNCTION = YES;
				GCC_WARN_UNUSED_VARIABLE = YES;
				IPHONEOS_DEPLOYMENT_TARGET = 17.5;
				LOCALIZATION_PREFERS_STRING_CATALOGS = YES;
				MTL_ENABLE_DEBUG_INFO = INCLUDE_SOURCE;
				MTL_FAST_MATH = YES;
				ONLY_ACTIVE_ARCH = YES;
				SDKROOT = iphoneos;
				SWIFT_ACTIVE_COMPILATION_CONDITIONS = "DEBUG $(inherited)";
				SWIFT_OPTIMIZATION_LEVEL = "-Onone";
			};
			name = Debug;
		};
		1D35DD662C04D7C3001484D0 /* Release */ = {
			isa = XCBuildConfiguration;
			buildSettings = {
				ALWAYS_SEARCH_USER_PATHS = NO;
				ASSETCATALOG_COMPILER_GENERATE_SWIFT_ASSET_SYMBOL_EXTENSIONS = YES;
				CLANG_ANALYZER_NONNULL = YES;
				CLANG_ANALYZER_NUMBER_OBJECT_CONVERSION = YES_AGGRESSIVE;
				CLANG_CXX_LANGUAGE_STANDARD = "gnu++20";
				CLANG_ENABLE_MODULES = YES;
				CLANG_ENABLE_OBJC_ARC = YES;
				CLANG_ENABLE_OBJC_WEAK = YES;
				CLANG_WARN_BLOCK_CAPTURE_AUTORELEASING = YES;
				CLANG_WARN_BOOL_CONVERSION = YES;
				CLANG_WARN_COMMA = YES;
				CLANG_WARN_CONSTANT_CONVERSION = YES;
				CLANG_WARN_DEPRECATED_OBJC_IMPLEMENTATIONS = YES;
				CLANG_WARN_DIRECT_OBJC_ISA_USAGE = YES_ERROR;
				CLANG_WARN_DOCUMENTATION_COMMENTS = YES;
				CLANG_WARN_EMPTY_BODY = YES;
				CLANG_WARN_ENUM_CONVERSION = YES;
				CLANG_WARN_INFINITE_RECURSION = YES;
				CLANG_WARN_INT_CONVERSION = YES;
				CLANG_WARN_NON_LITERAL_NULL_CONVERSION = YES;
				CLANG_WARN_OBJC_IMPLICIT_RETAIN_SELF = YES;
				CLANG_WARN_OBJC_LITERAL_CONVERSION = YES;
				CLANG_WARN_OBJC_ROOT_CLASS = YES_ERROR;
				CLANG_WARN_QUOTED_INCLUDE_IN_FRAMEWORK_HEADER = YES;
				CLANG_WARN_RANGE_LOOP_ANALYSIS = YES;
				CLANG_WARN_STRICT_PROTOTYPES = YES;
				CLANG_WARN_SUSPICIOUS_MOVE = YES;
				CLANG_WARN_UNGUARDED_AVAILABILITY = YES_AGGRESSIVE;
				CLANG_WARN_UNREACHABLE_CODE = YES;
				CLANG_WARN__DUPLICATE_METHOD_MATCH = YES;
				COPY_PHASE_STRIP = NO;
				DEBUG_INFORMATION_FORMAT = "dwarf-with-dsym";
				ENABLE_NS_ASSERTIONS = NO;
				ENABLE_STRICT_OBJC_MSGSEND = YES;
				ENABLE_USER_SCRIPT_SANDBOXING = YES;
				GCC_C_LANGUAGE_STANDARD = gnu17;
				GCC_NO_COMMON_BLOCKS = YES;
				GCC_WARN_64_TO_32_BIT_CONVERSION = YES;
				GCC_WARN_ABOUT_RETURN_TYPE = YES_ERROR;
				GCC_WARN_UNDECLARED_SELECTOR = YES;
				GCC_WARN_UNINITIALIZED_AUTOS = YES_AGGRESSIVE;
				GCC_WARN_UNUSED_FUNCTION = YES;
				GCC_WARN_UNUSED_VARIABLE = YES;
				IPHONEOS_DEPLOYMENT_TARGET = 17.5;
				LOCALIZATION_PREFERS_STRING_CATALOGS = YES;
				MTL_ENABLE_DEBUG_INFO = NO;
				MTL_FAST_MATH = YES;
				SDKROOT = iphoneos;
				SWIFT_COMPILATION_MODE = wholemodule;
				VALIDATE_PRODUCT = YES;
			};
			name = Release;
		};
		1D35DD682C04D7C3001484D0 /* Debug */ = {
			isa = XCBuildConfiguration;
			buildSettings = {
				ASSETCATALOG_COMPILER_APPICON_NAME = AppIcon;
				ASSETCATALOG_COMPILER_GLOBAL_ACCENT_COLOR_NAME = AccentColor;
				CODE_SIGN_STYLE = Automatic;
				CURRENT_PROJECT_VERSION = 1;
				GENERATE_INFOPLIST_FILE = YES;
				INFOPLIST_FILE = CSVParserRabo/Info.plist;
				INFOPLIST_KEY_UIApplicationSupportsIndirectInputEvents = YES;
				INFOPLIST_KEY_UILaunchStoryboardName = LaunchScreen;
				INFOPLIST_KEY_UIMainStoryboardFile = Main;
				INFOPLIST_KEY_UISupportedInterfaceOrientations_iPad = "UIInterfaceOrientationPortrait UIInterfaceOrientationPortraitUpsideDown UIInterfaceOrientationLandscapeLeft UIInterfaceOrientationLandscapeRight";
				INFOPLIST_KEY_UISupportedInterfaceOrientations_iPhone = "UIInterfaceOrientationPortrait UIInterfaceOrientationLandscapeLeft UIInterfaceOrientationLandscapeRight";
				LD_RUNPATH_SEARCH_PATHS = (
					"$(inherited)",
					"@executable_path/Frameworks",
				);
				MARKETING_VERSION = 1.0;
				PRODUCT_BUNDLE_IDENTIFIER = com.harsha.CSVParserRabo;
				PRODUCT_NAME = "$(TARGET_NAME)";
				SWIFT_EMIT_LOC_STRINGS = YES;
				SWIFT_VERSION = 5.0;
				TARGETED_DEVICE_FAMILY = "1,2";
			};
			name = Debug;
		};
		1D35DD692C04D7C3001484D0 /* Release */ = {
			isa = XCBuildConfiguration;
			buildSettings = {
				ASSETCATALOG_COMPILER_APPICON_NAME = AppIcon;
				ASSETCATALOG_COMPILER_GLOBAL_ACCENT_COLOR_NAME = AccentColor;
				CODE_SIGN_STYLE = Automatic;
				CURRENT_PROJECT_VERSION = 1;
				GENERATE_INFOPLIST_FILE = YES;
				INFOPLIST_FILE = CSVParserRabo/Info.plist;
				INFOPLIST_KEY_UIApplicationSupportsIndirectInputEvents = YES;
				INFOPLIST_KEY_UILaunchStoryboardName = LaunchScreen;
				INFOPLIST_KEY_UIMainStoryboardFile = Main;
				INFOPLIST_KEY_UISupportedInterfaceOrientations_iPad = "UIInterfaceOrientationPortrait UIInterfaceOrientationPortraitUpsideDown UIInterfaceOrientationLandscapeLeft UIInterfaceOrientationLandscapeRight";
				INFOPLIST_KEY_UISupportedInterfaceOrientations_iPhone = "UIInterfaceOrientationPortrait UIInterfaceOrientationLandscapeLeft UIInterfaceOrientationLandscapeRight";
				LD_RUNPATH_SEARCH_PATHS = (
					"$(inherited)",
					"@executable_path/Frameworks",
				);
				MARKETING_VERSION = 1.0;
				PRODUCT_BUNDLE_IDENTIFIER = com.harsha.CSVParserRabo;
				PRODUCT_NAME = "$(TARGET_NAME)";
				SWIFT_EMIT_LOC_STRINGS = YES;
				SWIFT_VERSION = 5.0;
				TARGETED_DEVICE_FAMILY = "1,2";
			};
			name = Release;
		};
		1D35DD6B2C04D7C3001484D0 /* Debug */ = {
			isa = XCBuildConfiguration;
			buildSettings = {
				ALWAYS_EMBED_SWIFT_STANDARD_LIBRARIES = YES;
				BUNDLE_LOADER = "$(TEST_HOST)";
				CODE_SIGN_STYLE = Automatic;
				CURRENT_PROJECT_VERSION = 1;
				GENERATE_INFOPLIST_FILE = YES;
				IPHONEOS_DEPLOYMENT_TARGET = 17.5;
				MARKETING_VERSION = 1.0;
				PRODUCT_BUNDLE_IDENTIFIER = com.harsha.CSVParserRaboTests;
				PRODUCT_NAME = "$(TARGET_NAME)";
				SWIFT_EMIT_LOC_STRINGS = NO;
				SWIFT_VERSION = 5.0;
				TARGETED_DEVICE_FAMILY = "1,2";
				TEST_HOST = "$(BUILT_PRODUCTS_DIR)/CSVParserRabo.app/$(BUNDLE_EXECUTABLE_FOLDER_PATH)/CSVParserRabo";
			};
			name = Debug;
		};
		1D35DD6C2C04D7C3001484D0 /* Release */ = {
			isa = XCBuildConfiguration;
			buildSettings = {
				ALWAYS_EMBED_SWIFT_STANDARD_LIBRARIES = YES;
				BUNDLE_LOADER = "$(TEST_HOST)";
				CODE_SIGN_STYLE = Automatic;
				CURRENT_PROJECT_VERSION = 1;
				GENERATE_INFOPLIST_FILE = YES;
				IPHONEOS_DEPLOYMENT_TARGET = 17.5;
				MARKETING_VERSION = 1.0;
				PRODUCT_BUNDLE_IDENTIFIER = com.harsha.CSVParserRaboTests;
				PRODUCT_NAME = "$(TARGET_NAME)";
				SWIFT_EMIT_LOC_STRINGS = NO;
				SWIFT_VERSION = 5.0;
				TARGETED_DEVICE_FAMILY = "1,2";
				TEST_HOST = "$(BUILT_PRODUCTS_DIR)/CSVParserRabo.app/$(BUNDLE_EXECUTABLE_FOLDER_PATH)/CSVParserRabo";
			};
			name = Release;
		};
		1D35DD6E2C04D7C3001484D0 /* Debug */ = {
			isa = XCBuildConfiguration;
			buildSettings = {
				ALWAYS_EMBED_SWIFT_STANDARD_LIBRARIES = YES;
				CODE_SIGN_STYLE = Automatic;
				CURRENT_PROJECT_VERSION = 1;
				GENERATE_INFOPLIST_FILE = YES;
				MARKETING_VERSION = 1.0;
				PRODUCT_BUNDLE_IDENTIFIER = com.harsha.CSVParserRaboUITests;
				PRODUCT_NAME = "$(TARGET_NAME)";
				SWIFT_EMIT_LOC_STRINGS = NO;
				SWIFT_VERSION = 5.0;
				TARGETED_DEVICE_FAMILY = "1,2";
				TEST_TARGET_NAME = CSVParserRabo;
			};
			name = Debug;
		};
		1D35DD6F2C04D7C3001484D0 /* Release */ = {
			isa = XCBuildConfiguration;
			buildSettings = {
				ALWAYS_EMBED_SWIFT_STANDARD_LIBRARIES = YES;
				CODE_SIGN_STYLE = Automatic;
				CURRENT_PROJECT_VERSION = 1;
				GENERATE_INFOPLIST_FILE = YES;
				MARKETING_VERSION = 1.0;
				PRODUCT_BUNDLE_IDENTIFIER = com.harsha.CSVParserRaboUITests;
				PRODUCT_NAME = "$(TARGET_NAME)";
				SWIFT_EMIT_LOC_STRINGS = NO;
				SWIFT_VERSION = 5.0;
				TARGETED_DEVICE_FAMILY = "1,2";
				TEST_TARGET_NAME = CSVParserRabo;
			};
			name = Release;
		};
/* End XCBuildConfiguration section */

/* Begin XCConfigurationList section */
		1D35DD382C04D7C1001484D0 /* Build configuration list for PBXProject "CSVParserRabo" */ = {
			isa = XCConfigurationList;
			buildConfigurations = (
				1D35DD652C04D7C3001484D0 /* Debug */,
				1D35DD662C04D7C3001484D0 /* Release */,
			);
			defaultConfigurationIsVisible = 0;
			defaultConfigurationName = Release;
		};
		1D35DD672C04D7C3001484D0 /* Build configuration list for PBXNativeTarget "CSVParserRabo" */ = {
			isa = XCConfigurationList;
			buildConfigurations = (
				1D35DD682C04D7C3001484D0 /* Debug */,
				1D35DD692C04D7C3001484D0 /* Release */,
			);
			defaultConfigurationIsVisible = 0;
			defaultConfigurationName = Release;
		};
		1D35DD6A2C04D7C3001484D0 /* Build configuration list for PBXNativeTarget "CSVParserRaboTests" */ = {
			isa = XCConfigurationList;
			buildConfigurations = (
				1D35DD6B2C04D7C3001484D0 /* Debug */,
				1D35DD6C2C04D7C3001484D0 /* Release */,
			);
			defaultConfigurationIsVisible = 0;
			defaultConfigurationName = Release;
		};
		1D35DD6D2C04D7C3001484D0 /* Build configuration list for PBXNativeTarget "CSVParserRaboUITests" */ = {
			isa = XCConfigurationList;
			buildConfigurations = (
				1D35DD6E2C04D7C3001484D0 /* Debug */,
				1D35DD6F2C04D7C3001484D0 /* Release */,
			);
			defaultConfigurationIsVisible = 0;
			defaultConfigurationName = Release;
		};
/* End XCConfigurationList section */
	};
	rootObject = 1D35DD352C04D7C1001484D0 /* Project object */;
}
